
Microsoft Visual Studio Solution File, Format Version 12.00
# Visual Studio Version 17
VisualStudioVersion = 17.3.32825.248
MinimumVisualStudioVersion = 10.0.40219.1
Project("{FAE04EC0-301F-11D3-BF4B-00C04F79EFBC}") = "DI_Suf_Ejer8", "DI_Suf_Ejer8\DI_Suf_Ejer8.csproj", "{CAC1C2EC-2217-49E4-A55A-07E869994B2F}"
EndProject
Project("{FAE04EC0-301F-11D3-BF4B-00C04F79EFBC}") = "ComponenteEjer8", "ComponenteEjer8\ComponenteEjer8.csproj", "{76B6AF05-0534-437B-B497-DEBB588E8F3B}"
EndProject
Global
	GlobalSection(SolutionConfigurationPlatforms) = preSolution
		Debug|Any CPU = Debug|Any CPU
		Release|Any CPU = Release|Any CPU
	EndGlobalSection
	GlobalSection(ProjectConfigurationPlatforms) = postSolution
		{CAC1C2EC-2217-49E4-A55A-07E869994B2F}.Debug|Any CPU.ActiveCfg = Debug|Any CPU
		{CAC1C2EC-2217-49E4-A55A-07E869994B2F}.Debug|Any CPU.Build.0 = Debug|Any CPU
		{CAC1C2EC-2217-49E4-A55A-07E869994B2F}.Release|Any CPU.ActiveCfg = Release|Any CPU
		{CAC1C2EC-2217-49E4-A55A-07E869994B2F}.Release|Any CPU.Build.0 = Release|Any CPU
		{76B6AF05-0534-437B-B497-DEBB588E8F3B}.Debug|Any CPU.ActiveCfg = Debug|Any CPU
		{76B6AF05-0534-437B-B497-DEBB588E8F3B}.Debug|Any CPU.Build.0 = Debug|Any CPU
		{76B6AF05-0534-437B-B497-DEBB588E8F3B}.Release|Any CPU.ActiveCfg = Release|Any CPU
		{76B6AF05-0534-437B-B497-DEBB588E8F3B}.Release|Any CPU.Build.0 = Release|Any CPU
	EndGlobalSection
	GlobalSection(SolutionProperties) = preSolution
		HideSolutionNode = FALSE
	EndGlobalSection
	GlobalSection(ExtensibilityGlobals) = postSolution
		SolutionGuid = {52AABA3F-7A8E-4CB6-951C-A9962A1651F1}
	EndGlobalSection
EndGlobal
